# This file was autogenerated by Stack.
# You should not edit this file by hand.
# For more information, please see the documentation at:
#   https://docs.haskellstack.org/en/stable/topics/lock_files

packages:
- completed:
    hackage: amazonka-s3-1.6.1@sha256:618ffde8acdeacff601bff175b26bf5474ccbf57653701964cf44c18d006e9a6,6334
    pantry-tree:
      sha256: 1ba537caabda5d411cff596cd906054ea416b7bf77d76b6599ca909b67668f4c
      size: 18385
  original:
    hackage: amazonka-s3-1.6.1
- completed:
    hackage: amazonka-sts-1.6.1@sha256:45c961a6abb3d4f8666697fb8aa664b91211cc4bc6e43a68ece0c1b818fe4a29,3207
    pantry-tree:
      sha256: 29a71a0726467c4fba37a711d82b1bd908d998e4776cad5f0807a60259e1165b
      size: 2470
  original:
    hackage: amazonka-sts-1.6.1
snapshots:
- completed:
    sha256: 5a59b2a405b3aba3c00188453be172b85893cab8ebc352b1ef58b0eae5d248a2
    size: 650475
    url: https://raw.githubusercontent.com/commercialhaskell/stackage-snapshots/master/lts/20/26.yaml
  original: lts-20.26
